
Microsoft Visual Studio Solution File, Format Version 12.00
# Visual Studio 15
VisualStudioVersion = 15.0.28307.572
MinimumVisualStudioVersion = 10.0.40219.1
Project("{8BC9CEB8-8B4A-11D0-8D11-00A0C91BC942}") = "pp1", "pp1\pp1.vcxproj", "{4A953B58-69DE-40CD-9C5C-F2694D5AB567}"
EndProject
Global
	GlobalSection(SolutionConfigurationPlatforms) = preSolution
		Debug|Win32 = Debug|Win32
		Release|Win32 = Release|Win32
	EndGlobalSection
	GlobalSection(ProjectConfigurationPlatforms) = postSolution
		{4A953B58-69DE-40CD-9C5C-F2694D5AB567}.Debug|Win32.ActiveCfg = Debug|Win32
		{4A953B58-69DE-40CD-9C5C-F2694D5AB567}.Debug|Win32.Build.0 = Debug|Win32
		{4A953B58-69DE-40CD-9C5C-F2694D5AB567}.Release|Win32.ActiveCfg = Release|Win32
		{4A953B58-69DE-40CD-9C5C-F2694D5AB567}.Release|Win32.Build.0 = Release|Win32
	EndGlobalSection
	GlobalSection(SolutionProperties) = preSolution
		HideSolutionNode = FALSE
	EndGlobalSection
	GlobalSection(ExtensibilityGlobals) = postSolution
		SolutionGuid = {25AD3D68-A44F-4D3F-878A-5B68FCDE9D07}
	EndGlobalSection
EndGlobal
